
Microsoft Visual Studio Solution File, Format Version 12.00
# Visual Studio 15
VisualStudioVersion = 15.0.28307.1022
MinimumVisualStudioVersion = 10.0.40219.1
Project("{FAE04EC0-301F-11D3-BF4B-00C04F79EFBC}") = "mqttsever", "mqttsever\mqttsever.csproj", "{8A4B145E-4205-45AD-96F1-5684E511B499}"
EndProject
Global
	GlobalSection(SolutionConfigurationPlatforms) = preSolution
		Debug|Any CPU = Debug|Any CPU
		Release|Any CPU = Release|Any CPU
	EndGlobalSection
	GlobalSection(ProjectConfigurationPlatforms) = postSolution
		{8A4B145E-4205-45AD-96F1-5684E511B499}.Debug|Any CPU.ActiveCfg = Debug|Any CPU
		{8A4B145E-4205-45AD-96F1-5684E511B499}.Debug|Any CPU.Build.0 = Debug|Any CPU
		{8A4B145E-4205-45AD-96F1-5684E511B499}.Release|Any CPU.ActiveCfg = Release|Any CPU
		{8A4B145E-4205-45AD-96F1-5684E511B499}.Release|Any CPU.Build.0 = Release|Any CPU
	EndGlobalSection
	GlobalSection(SolutionProperties) = preSolution
		HideSolutionNode = FALSE
	EndGlobalSection
	GlobalSection(ExtensibilityGlobals) = postSolution
		SolutionGuid = {349AE178-BC08-454E-AC07-4714A1E22A30}
	EndGlobalSection
EndGlobal
